// !$*UTF8*$!
{
	archiveVersion = 1;
	classes = {
	};
	objectVersion = 46;
	objects = {

/* Begin PBXBuildFile section */
		B6147E0F1F56976000051D9B /* ErrorMessage.swift in Sources */ = {isa = PBXBuildFile; fileRef = B6147E0E1F56976000051D9B /* ErrorMessage.swift */; };
		B626111E1F51BDC800835FAC /* Constants.swift in Sources */ = {isa = PBXBuildFile; fileRef = B626111D1F51BDC800835FAC /* Constants.swift */; };
		B62611201F51BE5300835FAC /* FlickPhotosViewController.swift in Sources */ = {isa = PBXBuildFile; fileRef = B626111F1F51BE5300835FAC /* FlickPhotosViewController.swift */; };
		B62611221F51BEA500835FAC /* GCDBlackBox.swift in Sources */ = {isa = PBXBuildFile; fileRef = B62611211F51BEA500835FAC /* GCDBlackBox.swift */; };
		B62611241F51BEFB00835FAC /* FlickClient.swift in Sources */ = {isa = PBXBuildFile; fileRef = B62611231F51BEFB00835FAC /* FlickClient.swift */; };
		B62611261F51BF0900835FAC /* FlickConvenience.swift in Sources */ = {isa = PBXBuildFile; fileRef = B62611251F51BF0900835FAC /* FlickConvenience.swift */; };
		B691EE471F544B27006CDB77 /* PhotoCollectionViewCell.swift in Sources */ = {isa = PBXBuildFile; fileRef = B691EE461F544B27006CDB77 /* PhotoCollectionViewCell.swift */; };
		B6D6803E1F4EAC7B000273CD /* AppDelegate.swift in Sources */ = {isa = PBXBuildFile; fileRef = B6D6803D1F4EAC7B000273CD /* AppDelegate.swift */; };
		B6D680401F4EAC7B000273CD /* MapViewController.swift in Sources */ = {isa = PBXBuildFile; fileRef = B6D6803F1F4EAC7B000273CD /* MapViewController.swift */; };
		B6D680431F4EAC7B000273CD /* Main.storyboard in Resources */ = {isa = PBXBuildFile; fileRef = B6D680411F4EAC7B000273CD /* Main.storyboard */; };
		B6D680451F4EAC7B000273CD /* Assets.xcassets in Resources */ = {isa = PBXBuildFile; fileRef = B6D680441F4EAC7B000273CD /* Assets.xcassets */; };
		B6D680481F4EAC7B000273CD /* LaunchScreen.storyboard in Resources */ = {isa = PBXBuildFile; fileRef = B6D680461F4EAC7B000273CD /* LaunchScreen.storyboard */; };
		B6D680531F4EC8ED000273CD /* Model.xcdatamodeld in Sources */ = {isa = PBXBuildFile; fileRef = B6D680511F4EC8ED000273CD /* Model.xcdatamodeld */; };
		B6D6805C1F4F272F000273CD /* Pin+CoreDataClass.swift in Sources */ = {isa = PBXBuildFile; fileRef = B6D680581F4F272F000273CD /* Pin+CoreDataClass.swift */; };
		B6D6805D1F4F272F000273CD /* Pin+CoreDataProperties.swift in Sources */ = {isa = PBXBuildFile; fileRef = B6D680591F4F272F000273CD /* Pin+CoreDataProperties.swift */; };
		B6D6805E1F4F272F000273CD /* Photo+CoreDataClass.swift in Sources */ = {isa = PBXBuildFile; fileRef = B6D6805A1F4F272F000273CD /* Photo+CoreDataClass.swift */; };
		B6D6805F1F4F272F000273CD /* Photo+CoreDataProperties.swift in Sources */ = {isa = PBXBuildFile; fileRef = B6D6805B1F4F272F000273CD /* Photo+CoreDataProperties.swift */; };
		B6D680631F4F2ED2000273CD /* CoreDataController.swift in Sources */ = {isa = PBXBuildFile; fileRef = B6D680621F4F2ED2000273CD /* CoreDataController.swift */; };
/* End PBXBuildFile section */

/* Begin PBXFileReference section */
		B6147E051F55B28D00051D9B /* Model3.xcdatamodel */ = {isa = PBXFileReference; lastKnownFileType = wrapper.xcdatamodel; path = Model3.xcdatamodel; sourceTree = "<group>"; };
		B6147E0E1F56976000051D9B /* ErrorMessage.swift */ = {isa = PBXFileReference; fileEncoding = 4; lastKnownFileType = sourcecode.swift; path = ErrorMessage.swift; sourceTree = "<group>"; };
		B626111D1F51BDC800835FAC /* Constants.swift */ = {isa = PBXFileReference; fileEncoding = 4; lastKnownFileType = sourcecode.swift; path = Constants.swift; sourceTree = "<group>"; };
		B626111F1F51BE5300835FAC /* FlickPhotosViewController.swift */ = {isa = PBXFileReference; fileEncoding = 4; lastKnownFileType = sourcecode.swift; path = FlickPhotosViewController.swift; sourceTree = "<group>"; };
		B62611211F51BEA500835FAC /* GCDBlackBox.swift */ = {isa = PBXFileReference; fileEncoding = 4; lastKnownFileType = sourcecode.swift; path = GCDBlackBox.swift; sourceTree = "<group>"; };
		B62611231F51BEFB00835FAC /* FlickClient.swift */ = {isa = PBXFileReference; fileEncoding = 4; lastKnownFileType = sourcecode.swift; path = FlickClient.swift; sourceTree = "<group>"; };
		B62611251F51BF0900835FAC /* FlickConvenience.swift */ = {isa = PBXFileReference; fileEncoding = 4; lastKnownFileType = sourcecode.swift; path = FlickConvenience.swift; sourceTree = "<group>"; };
		B691EE461F544B27006CDB77 /* PhotoCollectionViewCell.swift */ = {isa = PBXFileReference; fileEncoding = 4; lastKnownFileType = sourcecode.swift; path = PhotoCollectionViewCell.swift; sourceTree = "<group>"; };
		B691EE481F545823006CDB77 /* Model2.xcdatamodel */ = {isa = PBXFileReference; lastKnownFileType = wrapper.xcdatamodel; path = Model2.xcdatamodel; sourceTree = "<group>"; };
		B6D6803A1F4EAC7B000273CD /* Virtual Tourist.app */ = {isa = PBXFileReference; explicitFileType = wrapper.application; includeInIndex = 0; path = "Virtual Tourist.app"; sourceTree = BUILT_PRODUCTS_DIR; };
		B6D6803D1F4EAC7B000273CD /* AppDelegate.swift */ = {isa = PBXFileReference; lastKnownFileType = sourcecode.swift; path = AppDelegate.swift; sourceTree = "<group>"; };
		B6D6803F1F4EAC7B000273CD /* MapViewController.swift */ = {isa = PBXFileReference; lastKnownFileType = sourcecode.swift; path = MapViewController.swift; sourceTree = "<group>"; };
		B6D680421F4EAC7B000273CD /* Base */ = {isa = PBXFileReference; lastKnownFileType = file.storyboard; name = Base; path = Base.lproj/Main.storyboard; sourceTree = "<group>"; };
		B6D680441F4EAC7B000273CD /* Assets.xcassets */ = {isa = PBXFileReference; lastKnownFileType = folder.assetcatalog; path = Assets.xcassets; sourceTree = "<group>"; };
		B6D680471F4EAC7B000273CD /* Base */ = {isa = PBXFileReference; lastKnownFileType = file.storyboard; name = Base; path = Base.lproj/LaunchScreen.storyboard; sourceTree = "<group>"; };
		B6D680491F4EAC7B000273CD /* Info.plist */ = {isa = PBXFileReference; lastKnownFileType = text.plist.xml; path = Info.plist; sourceTree = "<group>"; };
		B6D680521F4EC8ED000273CD /* Model.xcdatamodel */ = {isa = PBXFileReference; lastKnownFileType = wrapper.xcdatamodel; path = Model.xcdatamodel; sourceTree = "<group>"; };
		B6D680581F4F272F000273CD /* Pin+CoreDataClass.swift */ = {isa = PBXFileReference; fileEncoding = 4; lastKnownFileType = sourcecode.swift; name = "Pin+CoreDataClass.swift"; path = "../Pin+CoreDataClass.swift"; sourceTree = "<group>"; };
		B6D680591F4F272F000273CD /* Pin+CoreDataProperties.swift */ = {isa = PBXFileReference; fileEncoding = 4; lastKnownFileType = sourcecode.swift; name = "Pin+CoreDataProperties.swift"; path = "../Pin+CoreDataProperties.swift"; sourceTree = "<group>"; };
		B6D6805A1F4F272F000273CD /* Photo+CoreDataClass.swift */ = {isa = PBXFileReference; fileEncoding = 4; lastKnownFileType = sourcecode.swift; name = "Photo+CoreDataClass.swift"; path = "../Photo+CoreDataClass.swift"; sourceTree = "<group>"; };
		B6D6805B1F4F272F000273CD /* Photo+CoreDataProperties.swift */ = {isa = PBXFileReference; fileEncoding = 4; lastKnownFileType = sourcecode.swift; name = "Photo+CoreDataProperties.swift"; path = "../Photo+CoreDataProperties.swift"; sourceTree = "<group>"; };
		B6D680621F4F2ED2000273CD /* CoreDataController.swift */ = {isa = PBXFileReference; fileEncoding = 4; lastKnownFileType = sourcecode.swift; path = CoreDataController.swift; sourceTree = "<group>"; };
/* End PBXFileReference section */

/* Begin PBXFrameworksBuildPhase section */
		B6D680371F4EAC7B000273CD /* Frameworks */ = {
			isa = PBXFrameworksBuildPhase;
			buildActionMask = 2147483647;
			files = (
			);
			runOnlyForDeploymentPostprocessing = 0;
		};
/* End PBXFrameworksBuildPhase section */

/* Begin PBXGroup section */
		B626111B1F51BD7F00835FAC /* Client */ = {
			isa = PBXGroup;
			children = (
				B626111C1F51BD9900835FAC /* Flick */,
			);
			name = Client;
			sourceTree = "<group>";
		};
		B626111C1F51BD9900835FAC /* Flick */ = {
			isa = PBXGroup;
			children = (
				B62611251F51BF0900835FAC /* FlickConvenience.swift */,
				B626111D1F51BDC800835FAC /* Constants.swift */,
				B62611231F51BEFB00835FAC /* FlickClient.swift */,
			);
			name = Flick;
			sourceTree = "<group>";
		};
		B6D680311F4EAC7B000273CD = {
			isa = PBXGroup;
			children = (
				B6D6803C1F4EAC7B000273CD /* Virtual Tourist */,
				B6D6803B1F4EAC7B000273CD /* Products */,
			);
			sourceTree = "<group>";
		};
		B6D6803B1F4EAC7B000273CD /* Products */ = {
			isa = PBXGroup;
			children = (
				B6D6803A1F4EAC7B000273CD /* Virtual Tourist.app */,
			);
			name = Products;
			sourceTree = "<group>";
		};
		B6D6803C1F4EAC7B000273CD /* Virtual Tourist */ = {
			isa = PBXGroup;
			children = (
				B6D680501F4EC851000273CD /* Models */,
				B6D6804F1F4EAEEF000273CD /* Controller */,
				B6D6803D1F4EAC7B000273CD /* AppDelegate.swift */,
				B6147E0E1F56976000051D9B /* ErrorMessage.swift */,
				B62611211F51BEA500835FAC /* GCDBlackBox.swift */,
				B691EE461F544B27006CDB77 /* PhotoCollectionViewCell.swift */,
				B6D680571F4F06FE000273CD /* Assets */,
				B6D680561F4F06D0000273CD /* Supporting Files */,
			);
			path = "Virtual Tourist";
			sourceTree = "<group>";
		};
		B6D6804F1F4EAEEF000273CD /* Controller */ = {
			isa = PBXGroup;
			children = (
				B6D680621F4F2ED2000273CD /* CoreDataController.swift */,
				B6D6803F1F4EAC7B000273CD /* MapViewController.swift */,
				B626111F1F51BE5300835FAC /* FlickPhotosViewController.swift */,
			);
			name = Controller;
			sourceTree = "<group>";
		};
		B6D680501F4EC851000273CD /* Models */ = {
			isa = PBXGroup;
			children = (
				B626111B1F51BD7F00835FAC /* Client */,
				B6D680581F4F272F000273CD /* Pin+CoreDataClass.swift */,
				B6D680591F4F272F000273CD /* Pin+CoreDataProperties.swift */,
				B6D6805A1F4F272F000273CD /* Photo+CoreDataClass.swift */,
				B6D6805B1F4F272F000273CD /* Photo+CoreDataProperties.swift */,
				B6D680511F4EC8ED000273CD /* Model.xcdatamodeld */,
			);
			name = Models;
			sourceTree = "<group>";
		};
		B6D680561F4F06D0000273CD /* Supporting Files */ = {
			isa = PBXGroup;
			children = (
				B6D680491F4EAC7B000273CD /* Info.plist */,
			);
			name = "Supporting Files";
			sourceTree = "<group>";
		};
		B6D680571F4F06FE000273CD /* Assets */ = {
			isa = PBXGroup;
			children = (
				B6D680411F4EAC7B000273CD /* Main.storyboard */,
				B6D680441F4EAC7B000273CD /* Assets.xcassets */,
				B6D680461F4EAC7B000273CD /* LaunchScreen.storyboard */,
			);
			name = Assets;
			sourceTree = "<group>";
		};
/* End PBXGroup section */

/* Begin PBXNativeTarget section */
		B6D680391F4EAC7B000273CD /* Virtual Tourist */ = {
			isa = PBXNativeTarget;
			buildConfigurationList = B6D6804C1F4EAC7B000273CD /* Build configuration list for PBXNativeTarget "Virtual Tourist" */;
			buildPhases = (
				B6D680361F4EAC7B000273CD /* Sources */,
				B6D680371F4EAC7B000273CD /* Frameworks */,
				B6D680381F4EAC7B000273CD /* Resources */,
			);
			buildRules = (
			);
			dependencies = (
			);
			name = "Virtual Tourist";
			productName = "Virtual Tourist";
			productReference = B6D6803A1F4EAC7B000273CD /* Virtual Tourist.app */;
			productType = "com.apple.product-type.application";
		};
/* End PBXNativeTarget section */

/* Begin PBXProject section */
		B6D680321F4EAC7B000273CD /* Project object */ = {
			isa = PBXProject;
			attributes = {
				LastSwiftUpdateCheck = 0830;
				LastUpgradeCheck = 0830;
				ORGANIZATIONNAME = "Alessandro Bellotti";
				TargetAttributes = {
					B6D680391F4EAC7B000273CD = {
						CreatedOnToolsVersion = 8.3.3;
						DevelopmentTeam = J2V8EZ5Q7Z;
						ProvisioningStyle = Automatic;
					};
				};
			};
			buildConfigurationList = B6D680351F4EAC7B000273CD /* Build configuration list for PBXProject "Virtual Tourist" */;
			compatibilityVersion = "Xcode 3.2";
			developmentRegion = English;
			hasScannedForEncodings = 0;
			knownRegions = (
				en,
				Base,
			);
			mainGroup = B6D680311F4EAC7B000273CD;
			productRefGroup = B6D6803B1F4EAC7B000273CD /* Products */;
			projectDirPath = "";
			projectRoot = "";
			targets = (
				B6D680391F4EAC7B000273CD /* Virtual Tourist */,
			);
		};
/* End PBXProject section */

/* Begin PBXResourcesBuildPhase section */
		B6D680381F4EAC7B000273CD /* Resources */ = {
			isa = PBXResourcesBuildPhase;
			buildActionMask = 2147483647;
			files = (
				B6D680481F4EAC7B000273CD /* LaunchScreen.storyboard in Resources */,
				B6D680451F4EAC7B000273CD /* Assets.xcassets in Resources */,
				B6D680431F4EAC7B000273CD /* Main.storyboard in Resources */,
			);
			runOnlyForDeploymentPostprocessing = 0;
		};
/* End PBXResourcesBuildPhase section */

/* Begin PBXSourcesBuildPhase section */
		B6D680361F4EAC7B000273CD /* Sources */ = {
			isa = PBXSourcesBuildPhase;
			buildActionMask = 2147483647;
			files = (
				B6D6805F1F4F272F000273CD /* Photo+CoreDataProperties.swift in Sources */,
				B6D6805E1F4F272F000273CD /* Photo+CoreDataClass.swift in Sources */,
				B6D680631F4F2ED2000273CD /* CoreDataController.swift in Sources */,
				B6D680401F4EAC7B000273CD /* MapViewController.swift in Sources */,
				B62611221F51BEA500835FAC /* GCDBlackBox.swift in Sources */,
				B6D6805C1F4F272F000273CD /* Pin+CoreDataClass.swift in Sources */,
				B62611201F51BE5300835FAC /* FlickPhotosViewController.swift in Sources */,
				B62611261F51BF0900835FAC /* FlickConvenience.swift in Sources */,
				B691EE471F544B27006CDB77 /* PhotoCollectionViewCell.swift in Sources */,
				B6D6803E1F4EAC7B000273CD /* AppDelegate.swift in Sources */,
				B626111E1F51BDC800835FAC /* Constants.swift in Sources */,
				B6147E0F1F56976000051D9B /* ErrorMessage.swift in Sources */,
				B6D6805D1F4F272F000273CD /* Pin+CoreDataProperties.swift in Sources */,
				B6D680531F4EC8ED000273CD /* Model.xcdatamodeld in Sources */,
				B62611241F51BEFB00835FAC /* FlickClient.swift in Sources */,
			);
			runOnlyForDeploymentPostprocessing = 0;
		};
/* End PBXSourcesBuildPhase section */

/* Begin PBXVariantGroup section */
		B6D680411F4EAC7B000273CD /* Main.storyboard */ = {
			isa = PBXVariantGroup;
			children = (
				B6D680421F4EAC7B000273CD /* Base */,
			);
			name = Main.storyboard;
			sourceTree = "<group>";
		};
		B6D680461F4EAC7B000273CD /* LaunchScreen.storyboard */ = {
			isa = PBXVariantGroup;
			children = (
				B6D680471F4EAC7B000273CD /* Base */,
			);
			name = LaunchScreen.storyboard;
			sourceTree = "<group>";
		};
/* End PBXVariantGroup section */

/* Begin XCBuildConfiguration section */
		B6D6804A1F4EAC7B000273CD /* Debug */ = {
			isa = XCBuildConfiguration;
			buildSettings = {
				ALWAYS_SEARCH_USER_PATHS = NO;
				CLANG_ANALYZER_NONNULL = YES;
				CLANG_ANALYZER_NUMBER_OBJECT_CONVERSION = YES_AGGRESSIVE;
				CLANG_CXX_LANGUAGE_STANDARD = "gnu++0x";
				CLANG_CXX_LIBRARY = "libc++";
				CLANG_ENABLE_MODULES = YES;
				CLANG_ENABLE_OBJC_ARC = YES;
				CLANG_WARN_BOOL_CONVERSION = YES;
				CLANG_WARN_CONSTANT_CONVERSION = YES;
				CLANG_WARN_DIRECT_OBJC_ISA_USAGE = YES_ERROR;
				CLANG_WARN_DOCUMENTATION_COMMENTS = YES;
				CLANG_WARN_EMPTY_BODY = YES;
				CLANG_WARN_ENUM_CONVERSION = YES;
				CLANG_WARN_INFINITE_RECURSION = YES;
				CLANG_WARN_INT_CONVERSION = YES;
				CLANG_WARN_OBJC_ROOT_CLASS = YES_ERROR;
				CLANG_WARN_SUSPICIOUS_MOVE = YES;
				CLANG_WARN_UNREACHABLE_CODE = YES;
				CLANG_WARN__DUPLICATE_METHOD_MATCH = YES;
				"CODE_SIGN_IDENTITY[sdk=iphoneos*]" = "iPhone Developer";
				COPY_PHASE_STRIP = NO;
				DEBUG_INFORMATION_FORMAT = dwarf;
				ENABLE_STRICT_OBJC_MSGSEND = YES;
				ENABLE_TESTABILITY = YES;
				GCC_C_LANGUAGE_STANDARD = gnu99;
				GCC_DYNAMIC_NO_PIC = NO;
				GCC_NO_COMMON_BLOCKS = YES;
				GCC_OPTIMIZATION_LEVEL = 0;
				GCC_PREPROCESSOR_DEFINITIONS = (
					"DEBUG=1",
					"$(inherited)",
				);
				GCC_WARN_64_TO_32_BIT_CONVERSION = YES;
				GCC_WARN_ABOUT_RETURN_TYPE = YES_ERROR;
				GCC_WARN_UNDECLARED_SELECTOR = YES;
				GCC_WARN_UNINITIALIZED_AUTOS = YES_AGGRESSIVE;
				GCC_WARN_UNUSED_FUNCTION = YES;
				GCC_WARN_UNUSED_VARIABLE = YES;
				IPHONEOS_DEPLOYMENT_TARGET = 10.3;
				MTL_ENABLE_DEBUG_INFO = YES;
				ONLY_ACTIVE_ARCH = YES;
				SDKROOT = iphoneos;
				SWIFT_ACTIVE_COMPILATION_CONDITIONS = DEBUG;
				SWIFT_OPTIMIZATION_LEVEL = "-Onone";
				TARGETED_DEVICE_FAMILY = "1,2";
			};
			name = Debug;
		};
		B6D6804B1F4EAC7B000273CD /* Release */ = {
			isa = XCBuildConfiguration;
			buildSettings = {
				ALWAYS_SEARCH_USER_PATHS = NO;
				CLANG_ANALYZER_NONNULL = YES;
				CLANG_ANALYZER_NUMBER_OBJECT_CONVERSION = YES_AGGRESSIVE;
				CLANG_CXX_LANGUAGE_STANDARD = "gnu++0x";
				CLANG_CXX_LIBRARY = "libc++";
				CLANG_ENABLE_MODULES = YES;
				CLANG_ENABLE_OBJC_ARC = YES;
				CLANG_WARN_BOOL_CONVERSION = YES;
				CLANG_WARN_CONSTANT_CONVERSION = YES;
				CLANG_WARN_DIRECT_OBJC_ISA_USAGE = YES_ERROR;
				CLANG_WARN_DOCUMENTATION_COMMENTS = YES;
				CLANG_WARN_EMPTY_BODY = YES;
				CLANG_WARN_ENUM_CONVERSION = YES;
				CLANG_WARN_INFINITE_RECURSION = YES;
				CLANG_WARN_INT_CONVERSION = YES;
				CLANG_WARN_OBJC_ROOT_CLASS = YES_ERROR;
				CLANG_WARN_SUSPICIOUS_MOVE = YES;
				CLANG_WARN_UNREACHABLE_CODE = YES;
				CLANG_WARN__DUPLICATE_METHOD_MATCH = YES;
				"CODE_SIGN_IDENTITY[sdk=iphoneos*]" = "iPhone Developer";
				COPY_PHASE_STRIP = NO;
				DEBUG_INFORMATION_FORMAT = "dwarf-with-dsym";
				ENABLE_NS_ASSERTIONS = NO;
				ENABLE_STRICT_OBJC_MSGSEND = YES;
				GCC_C_LANGUAGE_STANDARD = gnu99;
				GCC_NO_COMMON_BLOCKS = YES;
				GCC_WARN_64_TO_32_BIT_CONVERSION = YES;
				GCC_WARN_ABOUT_RETURN_TYPE = YES_ERROR;
				GCC_WARN_UNDECLARED_SELECTOR = YES;
				GCC_WARN_UNINITIALIZED_AUTOS = YES_AGGRESSIVE;
				GCC_WARN_UNUSED_FUNCTION = YES;
				GCC_WARN_UNUSED_VARIABLE = YES;
				IPHONEOS_DEPLOYMENT_TARGET = 10.3;
				MTL_ENABLE_DEBUG_INFO = NO;
				SDKROOT = iphoneos;
				SWIFT_OPTIMIZATION_LEVEL = "-Owholemodule";
				TARGETED_DEVICE_FAMILY = "1,2";
				VALIDATE_PRODUCT = YES;
			};
			name = Release;
		};
		B6D6804D1F4EAC7B000273CD /* Debug */ = {
			isa = XCBuildConfiguration;
			buildSettings = {
				ASSETCATALOG_COMPILER_APPICON_NAME = AppIcon;
				DEVELOPMENT_TEAM = J2V8EZ5Q7Z;
				INFOPLIST_FILE = "Virtual Tourist/Info.plist";
				LD_RUNPATH_SEARCH_PATHS = "$(inherited) @executable_path/Frameworks";
				PRODUCT_BUNDLE_IDENTIFIER = "zukka.dev.Virtual-Tourist";
				PRODUCT_NAME = "$(TARGET_NAME)";
				SWIFT_VERSION = 3.0;
			};
			name = Debug;
		};
		B6D6804E1F4EAC7B000273CD /* Release */ = {
			isa = XCBuildConfiguration;
			buildSettings = {
				ASSETCATALOG_COMPILER_APPICON_NAME = AppIcon;
				DEVELOPMENT_TEAM = J2V8EZ5Q7Z;
				INFOPLIST_FILE = "Virtual Tourist/Info.plist";
				LD_RUNPATH_SEARCH_PATHS = "$(inherited) @executable_path/Frameworks";
				PRODUCT_BUNDLE_IDENTIFIER = "zukka.dev.Virtual-Tourist";
				PRODUCT_NAME = "$(TARGET_NAME)";
				SWIFT_VERSION = 3.0;
			};
			name = Release;
		};
/* End XCBuildConfiguration section */

/* Begin XCConfigurationList section */
		B6D680351F4EAC7B000273CD /* Build configuration list for PBXProject "Virtual Tourist" */ = {
			isa = XCConfigurationList;
			buildConfigurations = (
				B6D6804A1F4EAC7B000273CD /* Debug */,
				B6D6804B1F4EAC7B000273CD /* Release */,
			);
			defaultConfigurationIsVisible = 0;
			defaultConfigurationName = Release;
		};
		B6D6804C1F4EAC7B000273CD /* Build configuration list for PBXNativeTarget "Virtual Tourist" */ = {
			isa = XCConfigurationList;
			buildConfigurations = (
				B6D6804D1F4EAC7B000273CD /* Debug */,
				B6D6804E1F4EAC7B000273CD /* Release */,
			);
			defaultConfigurationIsVisible = 0;
			defaultConfigurationName = Release;
		};
/* End XCConfigurationList section */

/* Begin XCVersionGroup section */
		B6D680511F4EC8ED000273CD /* Model.xcdatamodeld */ = {
			isa = XCVersionGroup;
			children = (
				B6147E051F55B28D00051D9B /* Model3.xcdatamodel */,
				B691EE481F545823006CDB77 /* Model2.xcdatamodel */,
				B6D680521F4EC8ED000273CD /* Model.xcdatamodel */,
			);
			currentVersion = B6147E051F55B28D00051D9B /* Model3.xcdatamodel */;
			path = Model.xcdatamodeld;
			sourceTree = "<group>";
			versionGroupType = wrapper.xcdatamodel;
		};
/* End XCVersionGroup section */
	};
	rootObject = B6D680321F4EAC7B000273CD /* Project object */;
}
